// !$*UTF8*$!
{
	archiveVersion = 1;
	classes = {
	};
	objectVersion = 52;
	objects = {

/* Begin PBXBuildFile section */
		BC3212F62750EFA7001A689E /* Color.swift in Sources */ = {isa = PBXBuildFile; fileRef = BC3212F52750EFA6001A689E /* Color.swift */; };
		BC35BFB728DE5F99005555BE /* AddAthleteVM.swift in Sources */ = {isa = PBXBuildFile; fileRef = BC35BFB628DE5F99005555BE /* AddAthleteVM.swift */; };
		BC35BFB928DE63C6005555BE /* EditAthleteVM.swift in Sources */ = {isa = PBXBuildFile; fileRef = BC35BFB828DE63C6005555BE /* EditAthleteVM.swift */; };
		BC35BFBD28DFBB2E005555BE /* Date.swift in Sources */ = {isa = PBXBuildFile; fileRef = BC35BFBC28DFBB2E005555BE /* Date.swift */; };
		BC35BFC028E25C4B005555BE /* EditSessionVM.swift in Sources */ = {isa = PBXBuildFile; fileRef = BC35BFBF28E25C4B005555BE /* EditSessionVM.swift */; };
		BC35BFC228E25C5F005555BE /* EditSessionView.swift in Sources */ = {isa = PBXBuildFile; fileRef = BC35BFC128E25C5F005555BE /* EditSessionView.swift */; };
		BC35BFC428E3E6B0005555BE /* Dictionary.swift in Sources */ = {isa = PBXBuildFile; fileRef = BC35BFC328E3E6B0005555BE /* Dictionary.swift */; };
		BC36CD2927A7E4F40031AD5E /* AthleteDetailView.swift in Sources */ = {isa = PBXBuildFile; fileRef = BC36CD2827A7E4F40031AD5E /* AthleteDetailView.swift */; };
		BC3F25512760D1A800465551 /* FrameButton.swift in Sources */ = {isa = PBXBuildFile; fileRef = BC3F25502760D1A800465551 /* FrameButton.swift */; };
		BC3F2573276C991300465551 /* BigAddButton.swift in Sources */ = {isa = PBXBuildFile; fileRef = BC3F2572276C991300465551 /* BigAddButton.swift */; };
		BC3F2577276C9A4700465551 /* AddAthleteView.swift in Sources */ = {isa = PBXBuildFile; fileRef = BC3F2576276C9A4700465551 /* AddAthleteView.swift */; };
		BC409A5D27493F980096CD12 /* AthleteApp.swift in Sources */ = {isa = PBXBuildFile; fileRef = BC409A5C27493F980096CD12 /* AthleteApp.swift */; };
		BC409A6127493F9B0096CD12 /* Assets.xcassets in Resources */ = {isa = PBXBuildFile; fileRef = BC409A6027493F9B0096CD12 /* Assets.xcassets */; };
		BC409A6427493F9B0096CD12 /* Preview Assets.xcassets in Resources */ = {isa = PBXBuildFile; fileRef = BC409A6327493F9B0096CD12 /* Preview Assets.xcassets */; };
		BC525F4727AA995F0032B99F /* EditAthleteView.swift in Sources */ = {isa = PBXBuildFile; fileRef = BC525F4627AA995F0032B99F /* EditAthleteView.swift */; };
		BC6F246628C62EEA00679360 /* AddSessionVM.swift in Sources */ = {isa = PBXBuildFile; fileRef = BC6F246528C62EEA00679360 /* AddSessionVM.swift */; };
		BC6F246C28C639E800679360 /* SessionHomeVM.swift in Sources */ = {isa = PBXBuildFile; fileRef = BC6F246B28C639E800679360 /* SessionHomeVM.swift */; };
		BC78F345289C78BA00F6BC34 /* TabBarView.swift in Sources */ = {isa = PBXBuildFile; fileRef = BC78F344289C78B800F6BC34 /* TabBarView.swift */; };
		BC78F347289C7AFE00F6BC34 /* TabModel.swift in Sources */ = {isa = PBXBuildFile; fileRef = BC78F346289C7AFE00F6BC34 /* TabModel.swift */; };
		BC78F34A289C814300F6BC34 /* ContentView.swift in Sources */ = {isa = PBXBuildFile; fileRef = BC78F349289C814300F6BC34 /* ContentView.swift */; };
		BC78F34C289C8B3E00F6BC34 /* TabDetailVM.swift in Sources */ = {isa = PBXBuildFile; fileRef = BC78F34B289C8B3E00F6BC34 /* TabDetailVM.swift */; };
		BC78F34E289C9B3E00F6BC34 /* SessionsHomeView.swift in Sources */ = {isa = PBXBuildFile; fileRef = BC78F34D289C9B3E00F6BC34 /* SessionsHomeView.swift */; };
		BC78F350289C9C4D00F6BC34 /* StatisticsOverview.swift in Sources */ = {isa = PBXBuildFile; fileRef = BC78F34F289C9C4D00F6BC34 /* StatisticsOverview.swift */; };
		BC78F352289C9CF000F6BC34 /* SettingsOverView.swift in Sources */ = {isa = PBXBuildFile; fileRef = BC78F351289C9CF000F6BC34 /* SettingsOverView.swift */; };
		BC7A503927A83F81005D3934 /* NavigationButtonAssestsIcon.swift in Sources */ = {isa = PBXBuildFile; fileRef = BC7A503827A83F81005D3934 /* NavigationButtonAssestsIcon.swift */; };
		BC88920427B14F6200A00047 /* MediumButton.swift in Sources */ = {isa = PBXBuildFile; fileRef = BC88920327B14F6200A00047 /* MediumButton.swift */; };
		BC9D00CF2889B3B90024B4AC /* WhosThere.xcdatamodeld in Sources */ = {isa = PBXBuildFile; fileRef = BC9D00CD2889B3B90024B4AC /* WhosThere.xcdatamodeld */; };
		BC9D00D4288B0BF10024B4AC /* NavigationBackport in Frameworks */ = {isa = PBXBuildFile; productRef = BC9D00D3288B0BF10024B4AC /* NavigationBackport */; };
		BCA3A781275BB2E6003D5F1C /* AthleteListView.swift in Sources */ = {isa = PBXBuildFile; fileRef = BCA3A780275BB2E6003D5F1C /* AthleteListView.swift */; };
		BCA3A78F275E0496003D5F1C /* NavigationButtonSystemName.swift in Sources */ = {isa = PBXBuildFile; fileRef = BCA3A78E275E0496003D5F1C /* NavigationButtonSystemName.swift */; };
		BCD2CAAC28C766AF0017CCFB /* PersistentStore.swift in Sources */ = {isa = PBXBuildFile; fileRef = BCD2CAAB28C766AF0017CCFB /* PersistentStore.swift */; };
		BCD2CAAE28C767EE0017CCFB /* Athlete.swift in Sources */ = {isa = PBXBuildFile; fileRef = BCD2CAAD28C767EE0017CCFB /* Athlete.swift */; };
		BCD2CAB028C76F290017CCFB /* Session.swift in Sources */ = {isa = PBXBuildFile; fileRef = BCD2CAAF28C76F290017CCFB /* Session.swift */; };
		BCD2CAB228C76FDD0017CCFB /* DataManager.swift in Sources */ = {isa = PBXBuildFile; fileRef = BCD2CAB128C76FDD0017CCFB /* DataManager.swift */; };
		BCD2CAB528C770150017CCFB /* OrderedCollections in Frameworks */ = {isa = PBXBuildFile; productRef = BCD2CAB428C770150017CCFB /* OrderedCollections */; };
		BCD2CABB28C8AAF00017CCFB /* AthleteListVM.swift in Sources */ = {isa = PBXBuildFile; fileRef = BCD2CABA28C8AAF00017CCFB /* AthleteListVM.swift */; };
		BCD2CABF28C9D0B70017CCFB /* AthleteDetailVM.swift in Sources */ = {isa = PBXBuildFile; fileRef = BCD2CABE28C9D0B70017CCFB /* AthleteDetailVM.swift */; };
		BCD8E75128BE4CA200EA9A93 /* AddSessionView.swift in Sources */ = {isa = PBXBuildFile; fileRef = BCD8E75028BE4CA200EA9A93 /* AddSessionView.swift */; };
		BCD9654928B916C3008DEE7F /* DatesVM.swift in Sources */ = {isa = PBXBuildFile; fileRef = BCD9654828B916C3008DEE7F /* DatesVM.swift */; };
/* End PBXBuildFile section */

/* Begin PBXFileReference section */
		BC3212F52750EFA6001A689E /* Color.swift */ = {isa = PBXFileReference; lastKnownFileType = sourcecode.swift; path = Color.swift; sourceTree = "<group>"; };
		BC35BFB628DE5F99005555BE /* AddAthleteVM.swift */ = {isa = PBXFileReference; lastKnownFileType = sourcecode.swift; path = AddAthleteVM.swift; sourceTree = "<group>"; };
		BC35BFB828DE63C6005555BE /* EditAthleteVM.swift */ = {isa = PBXFileReference; lastKnownFileType = sourcecode.swift; path = EditAthleteVM.swift; sourceTree = "<group>"; };
		BC35BFBC28DFBB2E005555BE /* Date.swift */ = {isa = PBXFileReference; lastKnownFileType = sourcecode.swift; path = Date.swift; sourceTree = "<group>"; };
		BC35BFBF28E25C4B005555BE /* EditSessionVM.swift */ = {isa = PBXFileReference; lastKnownFileType = sourcecode.swift; path = EditSessionVM.swift; sourceTree = "<group>"; };
		BC35BFC128E25C5F005555BE /* EditSessionView.swift */ = {isa = PBXFileReference; lastKnownFileType = sourcecode.swift; path = EditSessionView.swift; sourceTree = "<group>"; };
		BC35BFC328E3E6B0005555BE /* Dictionary.swift */ = {isa = PBXFileReference; lastKnownFileType = sourcecode.swift; path = Dictionary.swift; sourceTree = "<group>"; };
		BC36CD2827A7E4F40031AD5E /* AthleteDetailView.swift */ = {isa = PBXFileReference; lastKnownFileType = sourcecode.swift; path = AthleteDetailView.swift; sourceTree = "<group>"; };
		BC3F25502760D1A800465551 /* FrameButton.swift */ = {isa = PBXFileReference; lastKnownFileType = sourcecode.swift; path = FrameButton.swift; sourceTree = "<group>"; };
		BC3F2572276C991300465551 /* BigAddButton.swift */ = {isa = PBXFileReference; lastKnownFileType = sourcecode.swift; path = BigAddButton.swift; sourceTree = "<group>"; };
		BC3F2576276C9A4700465551 /* AddAthleteView.swift */ = {isa = PBXFileReference; fileEncoding = 4; lastKnownFileType = sourcecode.swift; path = AddAthleteView.swift; sourceTree = "<group>"; };
		BC409A5927493F980096CD12 /* Whosthere.app */ = {isa = PBXFileReference; explicitFileType = wrapper.application; includeInIndex = 0; path = Whosthere.app; sourceTree = BUILT_PRODUCTS_DIR; };
		BC409A5C27493F980096CD12 /* AthleteApp.swift */ = {isa = PBXFileReference; lastKnownFileType = sourcecode.swift; path = AthleteApp.swift; sourceTree = "<group>"; };
		BC409A6027493F9B0096CD12 /* Assets.xcassets */ = {isa = PBXFileReference; lastKnownFileType = folder.assetcatalog; path = Assets.xcassets; sourceTree = "<group>"; };
		BC409A6327493F9B0096CD12 /* Preview Assets.xcassets */ = {isa = PBXFileReference; lastKnownFileType = folder.assetcatalog; path = "Preview Assets.xcassets"; sourceTree = "<group>"; };
		BC409A6527493F9B0096CD12 /* Info.plist */ = {isa = PBXFileReference; lastKnownFileType = text.plist.xml; path = Info.plist; sourceTree = "<group>"; };
		BC525F4627AA995F0032B99F /* EditAthleteView.swift */ = {isa = PBXFileReference; lastKnownFileType = sourcecode.swift; path = EditAthleteView.swift; sourceTree = "<group>"; };
		BC6F246528C62EEA00679360 /* AddSessionVM.swift */ = {isa = PBXFileReference; lastKnownFileType = sourcecode.swift; path = AddSessionVM.swift; sourceTree = "<group>"; };
		BC6F246B28C639E800679360 /* SessionHomeVM.swift */ = {isa = PBXFileReference; lastKnownFileType = sourcecode.swift; path = SessionHomeVM.swift; sourceTree = "<group>"; };
		BC78F344289C78B800F6BC34 /* TabBarView.swift */ = {isa = PBXFileReference; lastKnownFileType = sourcecode.swift; path = TabBarView.swift; sourceTree = "<group>"; };
		BC78F346289C7AFE00F6BC34 /* TabModel.swift */ = {isa = PBXFileReference; lastKnownFileType = sourcecode.swift; path = TabModel.swift; sourceTree = "<group>"; };
		BC78F349289C814300F6BC34 /* ContentView.swift */ = {isa = PBXFileReference; lastKnownFileType = sourcecode.swift; path = ContentView.swift; sourceTree = "<group>"; };
		BC78F34B289C8B3E00F6BC34 /* TabDetailVM.swift */ = {isa = PBXFileReference; lastKnownFileType = sourcecode.swift; path = TabDetailVM.swift; sourceTree = "<group>"; };
		BC78F34D289C9B3E00F6BC34 /* SessionsHomeView.swift */ = {isa = PBXFileReference; lastKnownFileType = sourcecode.swift; path = SessionsHomeView.swift; sourceTree = "<group>"; };
		BC78F34F289C9C4D00F6BC34 /* StatisticsOverview.swift */ = {isa = PBXFileReference; lastKnownFileType = sourcecode.swift; path = StatisticsOverview.swift; sourceTree = "<group>"; };
		BC78F351289C9CF000F6BC34 /* SettingsOverView.swift */ = {isa = PBXFileReference; lastKnownFileType = sourcecode.swift; path = SettingsOverView.swift; sourceTree = "<group>"; };
		BC7A503827A83F81005D3934 /* NavigationButtonAssestsIcon.swift */ = {isa = PBXFileReference; lastKnownFileType = sourcecode.swift; path = NavigationButtonAssestsIcon.swift; sourceTree = "<group>"; };
		BC88920327B14F6200A00047 /* MediumButton.swift */ = {isa = PBXFileReference; lastKnownFileType = sourcecode.swift; path = MediumButton.swift; sourceTree = "<group>"; };
		BC9D00CE2889B3B90024B4AC /* WhosThere.xcdatamodel */ = {isa = PBXFileReference; lastKnownFileType = wrapper.xcdatamodel; path = WhosThere.xcdatamodel; sourceTree = "<group>"; };
		BCA3A780275BB2E6003D5F1C /* AthleteListView.swift */ = {isa = PBXFileReference; lastKnownFileType = sourcecode.swift; path = AthleteListView.swift; sourceTree = "<group>"; };
		BCA3A78E275E0496003D5F1C /* NavigationButtonSystemName.swift */ = {isa = PBXFileReference; lastKnownFileType = sourcecode.swift; path = NavigationButtonSystemName.swift; sourceTree = "<group>"; };
		BCD2CAAB28C766AF0017CCFB /* PersistentStore.swift */ = {isa = PBXFileReference; lastKnownFileType = sourcecode.swift; path = PersistentStore.swift; sourceTree = "<group>"; };
		BCD2CAAD28C767EE0017CCFB /* Athlete.swift */ = {isa = PBXFileReference; lastKnownFileType = sourcecode.swift; path = Athlete.swift; sourceTree = "<group>"; };
		BCD2CAAF28C76F290017CCFB /* Session.swift */ = {isa = PBXFileReference; lastKnownFileType = sourcecode.swift; path = Session.swift; sourceTree = "<group>"; };
		BCD2CAB128C76FDD0017CCFB /* DataManager.swift */ = {isa = PBXFileReference; lastKnownFileType = sourcecode.swift; path = DataManager.swift; sourceTree = "<group>"; };
		BCD2CABA28C8AAF00017CCFB /* AthleteListVM.swift */ = {isa = PBXFileReference; lastKnownFileType = sourcecode.swift; path = AthleteListVM.swift; sourceTree = "<group>"; };
		BCD2CABE28C9D0B70017CCFB /* AthleteDetailVM.swift */ = {isa = PBXFileReference; lastKnownFileType = sourcecode.swift; path = AthleteDetailVM.swift; sourceTree = "<group>"; };
		BCD8E75028BE4CA200EA9A93 /* AddSessionView.swift */ = {isa = PBXFileReference; lastKnownFileType = sourcecode.swift; path = AddSessionView.swift; sourceTree = "<group>"; };
		BCD9654828B916C3008DEE7F /* DatesVM.swift */ = {isa = PBXFileReference; lastKnownFileType = sourcecode.swift; path = DatesVM.swift; sourceTree = "<group>"; };
/* End PBXFileReference section */

/* Begin PBXFrameworksBuildPhase section */
		BC409A5627493F980096CD12 /* Frameworks */ = {
			isa = PBXFrameworksBuildPhase;
			buildActionMask = 2147483647;
			files = (
				BCD2CAB528C770150017CCFB /* OrderedCollections in Frameworks */,
				BC9D00D4288B0BF10024B4AC /* NavigationBackport in Frameworks */,
			);
			runOnlyForDeploymentPostprocessing = 0;
		};
/* End PBXFrameworksBuildPhase section */

/* Begin PBXGroup section */
		BC35BFB228DE5BAD005555BE /* List */ = {
			isa = PBXGroup;
			children = (
				BCA3A780275BB2E6003D5F1C /* AthleteListView.swift */,
				BCD2CABA28C8AAF00017CCFB /* AthleteListVM.swift */,
			);
			path = List;
			sourceTree = "<group>";
		};
		BC35BFB328DE5BC2005555BE /* Detail */ = {
			isa = PBXGroup;
			children = (
				BC36CD2827A7E4F40031AD5E /* AthleteDetailView.swift */,
				BCD2CABE28C9D0B70017CCFB /* AthleteDetailVM.swift */,
			);
			path = Detail;
			sourceTree = "<group>";
		};
		BC35BFB428DE5BCE005555BE /* Edit */ = {
			isa = PBXGroup;
			children = (
				BC525F4627AA995F0032B99F /* EditAthleteView.swift */,
				BC35BFB828DE63C6005555BE /* EditAthleteVM.swift */,
			);
			path = Edit;
			sourceTree = "<group>";
		};
		BC35BFB528DE5BD3005555BE /* Add */ = {
			isa = PBXGroup;
			children = (
				BC3F2576276C9A4700465551 /* AddAthleteView.swift */,
				BC35BFB628DE5F99005555BE /* AddAthleteVM.swift */,
			);
			path = Add;
			sourceTree = "<group>";
		};
		BC35BFBE28E25C29005555BE /* Edit */ = {
			isa = PBXGroup;
			children = (
				BC35BFC128E25C5F005555BE /* EditSessionView.swift */,
				BC35BFBF28E25C4B005555BE /* EditSessionVM.swift */,
			);
			path = Edit;
			sourceTree = "<group>";
		};
		BC409A5027493F980096CD12 = {
			isa = PBXGroup;
			children = (
				BC409A5B27493F980096CD12 /* Whosthere */,
				BC409A5A27493F980096CD12 /* Products */,
			);
			sourceTree = "<group>";
		};
		BC409A5A27493F980096CD12 /* Products */ = {
			isa = PBXGroup;
			children = (
				BC409A5927493F980096CD12 /* Whosthere.app */,
			);
			name = Products;
			sourceTree = "<group>";
		};
		BC409A5B27493F980096CD12 /* Whosthere */ = {
			isa = PBXGroup;
			children = (
				BC409A5C27493F980096CD12 /* AthleteApp.swift */,
				BCD2CAAA28C765B50017CCFB /* DataManager */,
				BC525F4827AAD7310032B99F /* Core */,
				BC798DB7278B85AD0022881E /* Extensions */,
				BC409A6027493F9B0096CD12 /* Assets.xcassets */,
				BC409A6527493F9B0096CD12 /* Info.plist */,
				BC409A6227493F9B0096CD12 /* Preview Content */,
			);
			path = Whosthere;
			sourceTree = "<group>";
		};
		BC409A6227493F9B0096CD12 /* Preview Content */ = {
			isa = PBXGroup;
			children = (
				BC409A6327493F9B0096CD12 /* Preview Assets.xcassets */,
			);
			path = "Preview Content";
			sourceTree = "<group>";
		};
		BC4DA003278A265C0064A350 /* Buttons */ = {
			isa = PBXGroup;
			children = (
				BCA3A78E275E0496003D5F1C /* NavigationButtonSystemName.swift */,
				BC7A503827A83F81005D3934 /* NavigationButtonAssestsIcon.swift */,
				BC3F25502760D1A800465551 /* FrameButton.swift */,
				BC3F2572276C991300465551 /* BigAddButton.swift */,
				BC88920327B14F6200A00047 /* MediumButton.swift */,
			);
			path = Buttons;
			sourceTree = "<group>";
		};
		BC525F4827AAD7310032B99F /* Core */ = {
			isa = PBXGroup;
			children = (
				BC6D97802865CD1400383AAD /* TabBarNavigation */,
				BC6D977C2865CBF700383AAD /* Sessions */,
				BC6D977E2865CCA000383AAD /* Statistics */,
				BC525F4927AAD78C0032B99F /* Athletes */,
				BC6D977F2865CCAF00383AAD /* Settings */,
				BCA3A789275E034A003D5F1C /* Components */,
			);
			path = Core;
			sourceTree = "<group>";
		};
		BC525F4927AAD78C0032B99F /* Athletes */ = {
			isa = PBXGroup;
			children = (
				BC35BFB228DE5BAD005555BE /* List */,
				BC35BFB328DE5BC2005555BE /* Detail */,
				BC35BFB428DE5BCE005555BE /* Edit */,
				BC35BFB528DE5BD3005555BE /* Add */,
			);
			path = Athletes;
			sourceTree = "<group>";
		};
		BC6D977C2865CBF700383AAD /* Sessions */ = {
			isa = PBXGroup;
			children = (
				BCD8E74F28BE4C5900EA9A93 /* Home */,
				BCD8E74E28BE4C4C00EA9A93 /* Add */,
				BC35BFBE28E25C29005555BE /* Edit */,
			);
			path = Sessions;
			sourceTree = "<group>";
		};
		BC6D977E2865CCA000383AAD /* Statistics */ = {
			isa = PBXGroup;
			children = (
				BC78F34F289C9C4D00F6BC34 /* StatisticsOverview.swift */,
			);
			path = Statistics;
			sourceTree = "<group>";
		};
		BC6D977F2865CCAF00383AAD /* Settings */ = {
			isa = PBXGroup;
			children = (
				BC78F351289C9CF000F6BC34 /* SettingsOverView.swift */,
			);
			path = Settings;
			sourceTree = "<group>";
		};
		BC6D97802865CD1400383AAD /* TabBarNavigation */ = {
			isa = PBXGroup;
			children = (
				BC78F349289C814300F6BC34 /* ContentView.swift */,
				BC78F34B289C8B3E00F6BC34 /* TabDetailVM.swift */,
				BC78F346289C7AFE00F6BC34 /* TabModel.swift */,
				BC78F344289C78B800F6BC34 /* TabBarView.swift */,
			);
			path = TabBarNavigation;
			sourceTree = "<group>";
		};
		BC798DB7278B85AD0022881E /* Extensions */ = {
			isa = PBXGroup;
			children = (
				BC3212F52750EFA6001A689E /* Color.swift */,
				BC35BFBC28DFBB2E005555BE /* Date.swift */,
				BC35BFC328E3E6B0005555BE /* Dictionary.swift */,
			);
			path = Extensions;
			sourceTree = "<group>";
		};
		BCA3A789275E034A003D5F1C /* Components */ = {
			isa = PBXGroup;
			children = (
				BC4DA003278A265C0064A350 /* Buttons */,
			);
			path = Components;
			sourceTree = "<group>";
		};
		BCD2CAAA28C765B50017CCFB /* DataManager */ = {
			isa = PBXGroup;
			children = (
				BC9D00CD2889B3B90024B4AC /* WhosThere.xcdatamodeld */,
				BCD2CAAB28C766AF0017CCFB /* PersistentStore.swift */,
				BCD2CAB128C76FDD0017CCFB /* DataManager.swift */,
				BCD2CAAD28C767EE0017CCFB /* Athlete.swift */,
				BCD2CAAF28C76F290017CCFB /* Session.swift */,
			);
			path = DataManager;
			sourceTree = "<group>";
		};
		BCD8E74E28BE4C4C00EA9A93 /* Add */ = {
			isa = PBXGroup;
			children = (
				BCD8E75028BE4CA200EA9A93 /* AddSessionView.swift */,
				BC6F246528C62EEA00679360 /* AddSessionVM.swift */,
			);
			path = Add;
			sourceTree = "<group>";
		};
		BCD8E74F28BE4C5900EA9A93 /* Home */ = {
			isa = PBXGroup;
			children = (
				BC78F34D289C9B3E00F6BC34 /* SessionsHomeView.swift */,
				BC6F246B28C639E800679360 /* SessionHomeVM.swift */,
				BCD9654828B916C3008DEE7F /* DatesVM.swift */,
			);
			path = Home;
			sourceTree = "<group>";
		};
/* End PBXGroup section */

/* Begin PBXNativeTarget section */
		BC409A5827493F980096CD12 /* Whosthere */ = {
			isa = PBXNativeTarget;
			buildConfigurationList = BC409A6827493F9B0096CD12 /* Build configuration list for PBXNativeTarget "Whosthere" */;
			buildPhases = (
				BC409A5527493F980096CD12 /* Sources */,
				BC409A5627493F980096CD12 /* Frameworks */,
				BC409A5727493F980096CD12 /* Resources */,
			);
			buildRules = (
			);
			dependencies = (
			);
			name = Whosthere;
			packageProductDependencies = (
				BC9D00D3288B0BF10024B4AC /* NavigationBackport */,
				BCD2CAB428C770150017CCFB /* OrderedCollections */,
			);
			productName = Photopickertest;
			productReference = BC409A5927493F980096CD12 /* Whosthere.app */;
			productType = "com.apple.product-type.application";
		};
/* End PBXNativeTarget section */

/* Begin PBXProject section */
		BC409A5127493F980096CD12 /* Project object */ = {
			isa = PBXProject;
			attributes = {
				LastSwiftUpdateCheck = 1240;
				LastUpgradeCheck = 1240;
				TargetAttributes = {
					BC409A5827493F980096CD12 = {
						CreatedOnToolsVersion = 12.4;
					};
				};
			};
			buildConfigurationList = BC409A5427493F980096CD12 /* Build configuration list for PBXProject "Whosthere" */;
			compatibilityVersion = "Xcode 9.3";
			developmentRegion = en;
			hasScannedForEncodings = 0;
			knownRegions = (
				en,
				Base,
			);
			mainGroup = BC409A5027493F980096CD12;
			packageReferences = (
				BC9D00D2288B0BF10024B4AC /* XCRemoteSwiftPackageReference "NavigationBackport" */,
				BCD2CAB328C770150017CCFB /* XCRemoteSwiftPackageReference "swift-collections" */,
			);
			productRefGroup = BC409A5A27493F980096CD12 /* Products */;
			projectDirPath = "";
			projectRoot = "";
			targets = (
				BC409A5827493F980096CD12 /* Whosthere */,
			);
		};
/* End PBXProject section */

/* Begin PBXResourcesBuildPhase section */
		BC409A5727493F980096CD12 /* Resources */ = {
			isa = PBXResourcesBuildPhase;
			buildActionMask = 2147483647;
			files = (
				BC409A6427493F9B0096CD12 /* Preview Assets.xcassets in Resources */,
				BC409A6127493F9B0096CD12 /* Assets.xcassets in Resources */,
			);
			runOnlyForDeploymentPostprocessing = 0;
		};
/* End PBXResourcesBuildPhase section */

/* Begin PBXSourcesBuildPhase section */
		BC409A5527493F980096CD12 /* Sources */ = {
			isa = PBXSourcesBuildPhase;
			buildActionMask = 2147483647;
			files = (
				BC35BFB728DE5F99005555BE /* AddAthleteVM.swift in Sources */,
				BC78F347289C7AFE00F6BC34 /* TabModel.swift in Sources */,
				BC35BFC028E25C4B005555BE /* EditSessionVM.swift in Sources */,
				BC88920427B14F6200A00047 /* MediumButton.swift in Sources */,
				BC35BFBD28DFBB2E005555BE /* Date.swift in Sources */,
				BC78F34A289C814300F6BC34 /* ContentView.swift in Sources */,
				BC6F246628C62EEA00679360 /* AddSessionVM.swift in Sources */,
				BC78F345289C78BA00F6BC34 /* TabBarView.swift in Sources */,
				BCD9654928B916C3008DEE7F /* DatesVM.swift in Sources */,
				BC78F34C289C8B3E00F6BC34 /* TabDetailVM.swift in Sources */,
				BC409A5D27493F980096CD12 /* AthleteApp.swift in Sources */,
				BC35BFC428E3E6B0005555BE /* Dictionary.swift in Sources */,
				BC3212F62750EFA7001A689E /* Color.swift in Sources */,
				BCA3A781275BB2E6003D5F1C /* AthleteListView.swift in Sources */,
				BC35BFC228E25C5F005555BE /* EditSessionView.swift in Sources */,
				BCA3A78F275E0496003D5F1C /* NavigationButtonSystemName.swift in Sources */,
				BC36CD2927A7E4F40031AD5E /* AthleteDetailView.swift in Sources */,
				BCD2CABB28C8AAF00017CCFB /* AthleteListVM.swift in Sources */,
				BC525F4727AA995F0032B99F /* EditAthleteView.swift in Sources */,
				BC78F34E289C9B3E00F6BC34 /* SessionsHomeView.swift in Sources */,
				BC3F25512760D1A800465551 /* FrameButton.swift in Sources */,
				BC3F2577276C9A4700465551 /* AddAthleteView.swift in Sources */,
				BCD2CAAE28C767EE0017CCFB /* Athlete.swift in Sources */,
				BCD8E75128BE4CA200EA9A93 /* AddSessionView.swift in Sources */,
				BCD2CAAC28C766AF0017CCFB /* PersistentStore.swift in Sources */,
				BC3F2573276C991300465551 /* BigAddButton.swift in Sources */,
				BCD2CABF28C9D0B70017CCFB /* AthleteDetailVM.swift in Sources */,
				BC78F352289C9CF000F6BC34 /* SettingsOverView.swift in Sources */,
				BCD2CAB028C76F290017CCFB /* Session.swift in Sources */,
				BC6F246C28C639E800679360 /* SessionHomeVM.swift in Sources */,
				BC78F350289C9C4D00F6BC34 /* StatisticsOverview.swift in Sources */,
				BC7A503927A83F81005D3934 /* NavigationButtonAssestsIcon.swift in Sources */,
				BCD2CAB228C76FDD0017CCFB /* DataManager.swift in Sources */,
				BC35BFB928DE63C6005555BE /* EditAthleteVM.swift in Sources */,
				BC9D00CF2889B3B90024B4AC /* WhosThere.xcdatamodeld in Sources */,
			);
			runOnlyForDeploymentPostprocessing = 0;
		};
/* End PBXSourcesBuildPhase section */

/* Begin XCBuildConfiguration section */
		BC409A6627493F9B0096CD12 /* Debug */ = {
			isa = XCBuildConfiguration;
			buildSettings = {
				ALWAYS_SEARCH_USER_PATHS = NO;
				CLANG_ANALYZER_NONNULL = YES;
				CLANG_ANALYZER_NUMBER_OBJECT_CONVERSION = YES_AGGRESSIVE;
				CLANG_CXX_LANGUAGE_STANDARD = "gnu++14";
				CLANG_CXX_LIBRARY = "libc++";
				CLANG_ENABLE_MODULES = YES;
				CLANG_ENABLE_OBJC_ARC = YES;
				CLANG_ENABLE_OBJC_WEAK = YES;
				CLANG_WARN_BLOCK_CAPTURE_AUTORELEASING = YES;
				CLANG_WARN_BOOL_CONVERSION = YES;
				CLANG_WARN_COMMA = YES;
				CLANG_WARN_CONSTANT_CONVERSION = YES;
				CLANG_WARN_DEPRECATED_OBJC_IMPLEMENTATIONS = YES;
				CLANG_WARN_DIRECT_OBJC_ISA_USAGE = YES_ERROR;
				CLANG_WARN_DOCUMENTATION_COMMENTS = YES;
				CLANG_WARN_EMPTY_BODY = YES;
				CLANG_WARN_ENUM_CONVERSION = YES;
				CLANG_WARN_INFINITE_RECURSION = YES;
				CLANG_WARN_INT_CONVERSION = YES;
				CLANG_WARN_NON_LITERAL_NULL_CONVERSION = YES;
				CLANG_WARN_OBJC_IMPLICIT_RETAIN_SELF = YES;
				CLANG_WARN_OBJC_LITERAL_CONVERSION = YES;
				CLANG_WARN_OBJC_ROOT_CLASS = YES_ERROR;
				CLANG_WARN_QUOTED_INCLUDE_IN_FRAMEWORK_HEADER = YES;
				CLANG_WARN_RANGE_LOOP_ANALYSIS = YES;
				CLANG_WARN_STRICT_PROTOTYPES = YES;
				CLANG_WARN_SUSPICIOUS_MOVE = YES;
				CLANG_WARN_UNGUARDED_AVAILABILITY = YES_AGGRESSIVE;
				CLANG_WARN_UNREACHABLE_CODE = YES;
				CLANG_WARN__DUPLICATE_METHOD_MATCH = YES;
				COPY_PHASE_STRIP = NO;
				DEBUG_INFORMATION_FORMAT = dwarf;
				ENABLE_STRICT_OBJC_MSGSEND = YES;
				ENABLE_TESTABILITY = YES;
				GCC_C_LANGUAGE_STANDARD = gnu11;
				GCC_DYNAMIC_NO_PIC = NO;
				GCC_NO_COMMON_BLOCKS = YES;
				GCC_OPTIMIZATION_LEVEL = 0;
				GCC_PREPROCESSOR_DEFINITIONS = (
					"DEBUG=1",
					"$(inherited)",
				);
				GCC_WARN_64_TO_32_BIT_CONVERSION = YES;
				GCC_WARN_ABOUT_RETURN_TYPE = YES_ERROR;
				GCC_WARN_UNDECLARED_SELECTOR = YES;
				GCC_WARN_UNINITIALIZED_AUTOS = YES_AGGRESSIVE;
				GCC_WARN_UNUSED_FUNCTION = YES;
				GCC_WARN_UNUSED_VARIABLE = YES;
				IPHONEOS_DEPLOYMENT_TARGET = 14.4;
				MTL_ENABLE_DEBUG_INFO = INCLUDE_SOURCE;
				MTL_FAST_MATH = YES;
				ONLY_ACTIVE_ARCH = YES;
				SDKROOT = iphoneos;
				SWIFT_ACTIVE_COMPILATION_CONDITIONS = DEBUG;
				SWIFT_OPTIMIZATION_LEVEL = "-Onone";
			};
			name = Debug;
		};
		BC409A6727493F9B0096CD12 /* Release */ = {
			isa = XCBuildConfiguration;
			buildSettings = {
				ALWAYS_SEARCH_USER_PATHS = NO;
				CLANG_ANALYZER_NONNULL = YES;
				CLANG_ANALYZER_NUMBER_OBJECT_CONVERSION = YES_AGGRESSIVE;
				CLANG_CXX_LANGUAGE_STANDARD = "gnu++14";
				CLANG_CXX_LIBRARY = "libc++";
				CLANG_ENABLE_MODULES = YES;
				CLANG_ENABLE_OBJC_ARC = YES;
				CLANG_ENABLE_OBJC_WEAK = YES;
				CLANG_WARN_BLOCK_CAPTURE_AUTORELEASING = YES;
				CLANG_WARN_BOOL_CONVERSION = YES;
				CLANG_WARN_COMMA = YES;
				CLANG_WARN_CONSTANT_CONVERSION = YES;
				CLANG_WARN_DEPRECATED_OBJC_IMPLEMENTATIONS = YES;
				CLANG_WARN_DIRECT_OBJC_ISA_USAGE = YES_ERROR;
				CLANG_WARN_DOCUMENTATION_COMMENTS = YES;
				CLANG_WARN_EMPTY_BODY = YES;
				CLANG_WARN_ENUM_CONVERSION = YES;
				CLANG_WARN_INFINITE_RECURSION = YES;
				CLANG_WARN_INT_CONVERSION = YES;
				CLANG_WARN_NON_LITERAL_NULL_CONVERSION = YES;
				CLANG_WARN_OBJC_IMPLICIT_RETAIN_SELF = YES;
				CLANG_WARN_OBJC_LITERAL_CONVERSION = YES;
				CLANG_WARN_OBJC_ROOT_CLASS = YES_ERROR;
				CLANG_WARN_QUOTED_INCLUDE_IN_FRAMEWORK_HEADER = YES;
				CLANG_WARN_RANGE_LOOP_ANALYSIS = YES;
				CLANG_WARN_STRICT_PROTOTYPES = YES;
				CLANG_WARN_SUSPICIOUS_MOVE = YES;
				CLANG_WARN_UNGUARDED_AVAILABILITY = YES_AGGRESSIVE;
				CLANG_WARN_UNREACHABLE_CODE = YES;
				CLANG_WARN__DUPLICATE_METHOD_MATCH = YES;
				COPY_PHASE_STRIP = NO;
				DEBUG_INFORMATION_FORMAT = "dwarf-with-dsym";
				ENABLE_NS_ASSERTIONS = NO;
				ENABLE_STRICT_OBJC_MSGSEND = YES;
				GCC_C_LANGUAGE_STANDARD = gnu11;
				GCC_NO_COMMON_BLOCKS = YES;
				GCC_WARN_64_TO_32_BIT_CONVERSION = YES;
				GCC_WARN_ABOUT_RETURN_TYPE = YES_ERROR;
				GCC_WARN_UNDECLARED_SELECTOR = YES;
				GCC_WARN_UNINITIALIZED_AUTOS = YES_AGGRESSIVE;
				GCC_WARN_UNUSED_FUNCTION = YES;
				GCC_WARN_UNUSED_VARIABLE = YES;
				IPHONEOS_DEPLOYMENT_TARGET = 14.4;
				MTL_ENABLE_DEBUG_INFO = NO;
				MTL_FAST_MATH = YES;
				SDKROOT = iphoneos;
				SWIFT_COMPILATION_MODE = wholemodule;
				SWIFT_OPTIMIZATION_LEVEL = "-O";
				VALIDATE_PRODUCT = YES;
			};
			name = Release;
		};
		BC409A6927493F9B0096CD12 /* Debug */ = {
			isa = XCBuildConfiguration;
			buildSettings = {
				ASSETCATALOG_COMPILER_APPICON_NAME = AppIcon;
				ASSETCATALOG_COMPILER_GLOBAL_ACCENT_COLOR_NAME = AccentColor;
				CODE_SIGN_STYLE = Automatic;
				DEVELOPMENT_ASSET_PATHS = "\"Whosthere/Preview Content\"";
				DEVELOPMENT_TEAM = P93T2Q3CH5;
				ENABLE_PREVIEWS = YES;
				INFOPLIST_FILE = Whosthere/Info.plist;
				IPHONEOS_DEPLOYMENT_TARGET = 15.5;
				LD_RUNPATH_SEARCH_PATHS = (
					"$(inherited)",
					"@executable_path/Frameworks",
				);
				PRODUCT_BUNDLE_IDENTIFIER = com.infiniteairtime.Whosthere;
				PRODUCT_NAME = "$(TARGET_NAME)";
				SWIFT_VERSION = 5.0;
				TARGETED_DEVICE_FAMILY = "1,2";
			};
			name = Debug;
		};
		BC409A6A27493F9B0096CD12 /* Release */ = {
			isa = XCBuildConfiguration;
			buildSettings = {
				ASSETCATALOG_COMPILER_APPICON_NAME = AppIcon;
				ASSETCATALOG_COMPILER_GLOBAL_ACCENT_COLOR_NAME = AccentColor;
				CODE_SIGN_STYLE = Automatic;
				DEVELOPMENT_ASSET_PATHS = "\"Whosthere/Preview Content\"";
				DEVELOPMENT_TEAM = P93T2Q3CH5;
				ENABLE_PREVIEWS = YES;
				INFOPLIST_FILE = Whosthere/Info.plist;
				IPHONEOS_DEPLOYMENT_TARGET = 15.5;
				LD_RUNPATH_SEARCH_PATHS = (
					"$(inherited)",
					"@executable_path/Frameworks",
				);
				PRODUCT_BUNDLE_IDENTIFIER = com.infiniteairtime.Whosthere;
				PRODUCT_NAME = "$(TARGET_NAME)";
				SWIFT_VERSION = 5.0;
				TARGETED_DEVICE_FAMILY = "1,2";
			};
			name = Release;
		};
/* End XCBuildConfiguration section */

/* Begin XCConfigurationList section */
		BC409A5427493F980096CD12 /* Build configuration list for PBXProject "Whosthere" */ = {
			isa = XCConfigurationList;
			buildConfigurations = (
				BC409A6627493F9B0096CD12 /* Debug */,
				BC409A6727493F9B0096CD12 /* Release */,
			);
			defaultConfigurationIsVisible = 0;
			defaultConfigurationName = Release;
		};
		BC409A6827493F9B0096CD12 /* Build configuration list for PBXNativeTarget "Whosthere" */ = {
			isa = XCConfigurationList;
			buildConfigurations = (
				BC409A6927493F9B0096CD12 /* Debug */,
				BC409A6A27493F9B0096CD12 /* Release */,
			);
			defaultConfigurationIsVisible = 0;
			defaultConfigurationName = Release;
		};
/* End XCConfigurationList section */

/* Begin XCRemoteSwiftPackageReference section */
		BC9D00D2288B0BF10024B4AC /* XCRemoteSwiftPackageReference "NavigationBackport" */ = {
			isa = XCRemoteSwiftPackageReference;
			repositoryURL = "https://github.com/johnpatrickmorgan/NavigationBackport";
			requirement = {
				kind = upToNextMajorVersion;
				minimumVersion = 0.2.1;
			};
		};
		BCD2CAB328C770150017CCFB /* XCRemoteSwiftPackageReference "swift-collections" */ = {
			isa = XCRemoteSwiftPackageReference;
			repositoryURL = "https://github.com/apple/swift-collections.git";
			requirement = {
				kind = upToNextMajorVersion;
				minimumVersion = 1.0.0;
			};
		};
/* End XCRemoteSwiftPackageReference section */

/* Begin XCSwiftPackageProductDependency section */
		BC9D00D3288B0BF10024B4AC /* NavigationBackport */ = {
			isa = XCSwiftPackageProductDependency;
			package = BC9D00D2288B0BF10024B4AC /* XCRemoteSwiftPackageReference "NavigationBackport" */;
			productName = NavigationBackport;
		};
		BCD2CAB428C770150017CCFB /* OrderedCollections */ = {
			isa = XCSwiftPackageProductDependency;
			package = BCD2CAB328C770150017CCFB /* XCRemoteSwiftPackageReference "swift-collections" */;
			productName = OrderedCollections;
		};
/* End XCSwiftPackageProductDependency section */

/* Begin XCVersionGroup section */
		BC9D00CD2889B3B90024B4AC /* WhosThere.xcdatamodeld */ = {
			isa = XCVersionGroup;
			children = (
				BC9D00CE2889B3B90024B4AC /* WhosThere.xcdatamodel */,
			);
			currentVersion = BC9D00CE2889B3B90024B4AC /* WhosThere.xcdatamodel */;
			path = WhosThere.xcdatamodeld;
			sourceTree = "<group>";
			versionGroupType = wrapper.xcdatamodel;
		};
/* End XCVersionGroup section */
	};
	rootObject = BC409A5127493F980096CD12 /* Project object */;
}
