// !$*UTF8*$!
{
	archiveVersion = 1;
	classes = {
	};
	objectVersion = 50;
	objects = {

/* Begin PBXBuildFile section */
		BC3212F12750E989001A689E /* CustomShape.swift in Sources */ = {isa = PBXBuildFile; fileRef = BC3212F02750E989001A689E /* CustomShape.swift */; };
		BC3212F62750EFA7001A689E /* Color.swift in Sources */ = {isa = PBXBuildFile; fileRef = BC3212F52750EFA6001A689E /* Color.swift */; };
		BC3F25512760D1A800465551 /* FrameButton.swift in Sources */ = {isa = PBXBuildFile; fileRef = BC3F25502760D1A800465551 /* FrameButton.swift */; };
		BC3F25572767B3EC00465551 /* AthletesModel.swift in Sources */ = {isa = PBXBuildFile; fileRef = BC3F25562767B3EC00465551 /* AthletesModel.swift */; };
		BC3F255C2767C1F000465551 /* AthletesViewModel.swift in Sources */ = {isa = PBXBuildFile; fileRef = BC3F255B2767C1F000465551 /* AthletesViewModel.swift */; };
		BC3F2573276C991300465551 /* BigAddButton.swift in Sources */ = {isa = PBXBuildFile; fileRef = BC3F2572276C991300465551 /* BigAddButton.swift */; };
		BC3F2577276C9A4700465551 /* AddAthleteView.swift in Sources */ = {isa = PBXBuildFile; fileRef = BC3F2576276C9A4700465551 /* AddAthleteView.swift */; };
		BC409A5D27493F980096CD12 /* AthleteApp.swift in Sources */ = {isa = PBXBuildFile; fileRef = BC409A5C27493F980096CD12 /* AthleteApp.swift */; };
		BC409A6127493F9B0096CD12 /* Assets.xcassets in Resources */ = {isa = PBXBuildFile; fileRef = BC409A6027493F9B0096CD12 /* Assets.xcassets */; };
		BC409A6427493F9B0096CD12 /* Preview Assets.xcassets in Resources */ = {isa = PBXBuildFile; fileRef = BC409A6327493F9B0096CD12 /* Preview Assets.xcassets */; };
		BC798DB9278B85C70022881E /* Popover.swift in Sources */ = {isa = PBXBuildFile; fileRef = BC798DB8278B85C70022881E /* Popover.swift */; };
		BCA3A781275BB2E6003D5F1C /* AthletesListView.swift in Sources */ = {isa = PBXBuildFile; fileRef = BCA3A780275BB2E6003D5F1C /* AthletesListView.swift */; };
		BCA3A78F275E0496003D5F1C /* NavigationButton.swift in Sources */ = {isa = PBXBuildFile; fileRef = BCA3A78E275E0496003D5F1C /* NavigationButton.swift */; };
		BCA3A794275E1839003D5F1C /* ScreenHeaderTextOnly.swift in Sources */ = {isa = PBXBuildFile; fileRef = BCA3A793275E1838003D5F1C /* ScreenHeaderTextOnly.swift */; };
		BCACA6542795F65600B65314 /* AthletesContainer.xcdatamodeld in Sources */ = {isa = PBXBuildFile; fileRef = BCACA6522795F65600B65314 /* AthletesContainer.xcdatamodeld */; };
/* End PBXBuildFile section */

/* Begin PBXFileReference section */
		BC3212F02750E989001A689E /* CustomShape.swift */ = {isa = PBXFileReference; lastKnownFileType = sourcecode.swift; path = CustomShape.swift; sourceTree = "<group>"; };
		BC3212F52750EFA6001A689E /* Color.swift */ = {isa = PBXFileReference; lastKnownFileType = sourcecode.swift; path = Color.swift; sourceTree = "<group>"; };
		BC3F25502760D1A800465551 /* FrameButton.swift */ = {isa = PBXFileReference; lastKnownFileType = sourcecode.swift; path = FrameButton.swift; sourceTree = "<group>"; };
		BC3F25562767B3EC00465551 /* AthletesModel.swift */ = {isa = PBXFileReference; lastKnownFileType = sourcecode.swift; path = AthletesModel.swift; sourceTree = "<group>"; };
		BC3F255B2767C1F000465551 /* AthletesViewModel.swift */ = {isa = PBXFileReference; lastKnownFileType = sourcecode.swift; path = AthletesViewModel.swift; sourceTree = "<group>"; };
		BC3F2572276C991300465551 /* BigAddButton.swift */ = {isa = PBXFileReference; lastKnownFileType = sourcecode.swift; path = BigAddButton.swift; sourceTree = "<group>"; };
		BC3F2576276C9A4700465551 /* AddAthleteView.swift */ = {isa = PBXFileReference; fileEncoding = 4; lastKnownFileType = sourcecode.swift; path = AddAthleteView.swift; sourceTree = "<group>"; };
		BC409A5927493F980096CD12 /* Whosthere.app */ = {isa = PBXFileReference; explicitFileType = wrapper.application; includeInIndex = 0; path = Whosthere.app; sourceTree = BUILT_PRODUCTS_DIR; };
		BC409A5C27493F980096CD12 /* AthleteApp.swift */ = {isa = PBXFileReference; lastKnownFileType = sourcecode.swift; path = AthleteApp.swift; sourceTree = "<group>"; };
		BC409A6027493F9B0096CD12 /* Assets.xcassets */ = {isa = PBXFileReference; lastKnownFileType = folder.assetcatalog; path = Assets.xcassets; sourceTree = "<group>"; };
		BC409A6327493F9B0096CD12 /* Preview Assets.xcassets */ = {isa = PBXFileReference; lastKnownFileType = folder.assetcatalog; path = "Preview Assets.xcassets"; sourceTree = "<group>"; };
		BC409A6527493F9B0096CD12 /* Info.plist */ = {isa = PBXFileReference; lastKnownFileType = text.plist.xml; path = Info.plist; sourceTree = "<group>"; };
		BC798DB8278B85C70022881E /* Popover.swift */ = {isa = PBXFileReference; fileEncoding = 4; lastKnownFileType = sourcecode.swift; path = Popover.swift; sourceTree = "<group>"; };
		BCA3A780275BB2E6003D5F1C /* AthletesListView.swift */ = {isa = PBXFileReference; lastKnownFileType = sourcecode.swift; path = AthletesListView.swift; sourceTree = "<group>"; };
		BCA3A78E275E0496003D5F1C /* NavigationButton.swift */ = {isa = PBXFileReference; lastKnownFileType = sourcecode.swift; path = NavigationButton.swift; sourceTree = "<group>"; };
		BCA3A793275E1838003D5F1C /* ScreenHeaderTextOnly.swift */ = {isa = PBXFileReference; lastKnownFileType = sourcecode.swift; path = ScreenHeaderTextOnly.swift; sourceTree = "<group>"; };
		BCACA6532795F65600B65314 /* AthletesContainer.xcdatamodel */ = {isa = PBXFileReference; lastKnownFileType = wrapper.xcdatamodel; path = AthletesContainer.xcdatamodel; sourceTree = "<group>"; };
/* End PBXFileReference section */

/* Begin PBXFrameworksBuildPhase section */
		BC409A5627493F980096CD12 /* Frameworks */ = {
			isa = PBXFrameworksBuildPhase;
			buildActionMask = 2147483647;
			files = (
			);
			runOnlyForDeploymentPostprocessing = 0;
		};
/* End PBXFrameworksBuildPhase section */

/* Begin PBXGroup section */
		BC3F25552767B39E00465551 /* Models */ = {
			isa = PBXGroup;
			children = (
				BC3F25562767B3EC00465551 /* AthletesModel.swift */,
			);
			path = Models;
			sourceTree = "<group>";
		};
		BC3F255A2767C1C000465551 /* ViewModels */ = {
			isa = PBXGroup;
			children = (
				BC3F255B2767C1F000465551 /* AthletesViewModel.swift */,
				BCACA6522795F65600B65314 /* AthletesContainer.xcdatamodeld */,
			);
			path = ViewModels;
			sourceTree = "<group>";
		};
		BC409A5027493F980096CD12 = {
			isa = PBXGroup;
			children = (
				BC409A5B27493F980096CD12 /* Whosthere */,
				BC409A5A27493F980096CD12 /* Products */,
			);
			sourceTree = "<group>";
		};
		BC409A5A27493F980096CD12 /* Products */ = {
			isa = PBXGroup;
			children = (
				BC409A5927493F980096CD12 /* Whosthere.app */,
			);
			name = Products;
			sourceTree = "<group>";
		};
		BC409A5B27493F980096CD12 /* Whosthere */ = {
			isa = PBXGroup;
			children = (
				BC409A5C27493F980096CD12 /* AthleteApp.swift */,
				BC3F25552767B39E00465551 /* Models */,
				BC3F255A2767C1C000465551 /* ViewModels */,
				BCA3A77F275BB2C6003D5F1C /* Views */,
				BC798DB7278B85AD0022881E /* Functionalities */,
				BCA3A789275E034A003D5F1C /* Components */,
				BC4DA004278A2CA80064A350 /* Stylizing */,
				BC409A6027493F9B0096CD12 /* Assets.xcassets */,
				BC409A6527493F9B0096CD12 /* Info.plist */,
				BC409A6227493F9B0096CD12 /* Preview Content */,
			);
			path = Whosthere;
			sourceTree = "<group>";
		};
		BC409A6227493F9B0096CD12 /* Preview Content */ = {
			isa = PBXGroup;
			children = (
				BC409A6327493F9B0096CD12 /* Preview Assets.xcassets */,
			);
			path = "Preview Content";
			sourceTree = "<group>";
		};
		BC4DA003278A265C0064A350 /* Buttons */ = {
			isa = PBXGroup;
			children = (
				BCA3A78E275E0496003D5F1C /* NavigationButton.swift */,
				BC3F25502760D1A800465551 /* FrameButton.swift */,
				BC3F2572276C991300465551 /* BigAddButton.swift */,
			);
			path = Buttons;
			sourceTree = "<group>";
		};
		BC4DA004278A2CA80064A350 /* Stylizing */ = {
			isa = PBXGroup;
			children = (
				BC3212F52750EFA6001A689E /* Color.swift */,
				BC3212F02750E989001A689E /* CustomShape.swift */,
			);
			path = Stylizing;
			sourceTree = "<group>";
		};
		BC798DB7278B85AD0022881E /* Functionalities */ = {
			isa = PBXGroup;
			children = (
				BC798DB8278B85C70022881E /* Popover.swift */,
			);
			path = Functionalities;
			sourceTree = "<group>";
		};
		BCA3A77F275BB2C6003D5F1C /* Views */ = {
			isa = PBXGroup;
			children = (
				BCA3A780275BB2E6003D5F1C /* AthletesListView.swift */,
				BC3F2576276C9A4700465551 /* AddAthleteView.swift */,
			);
			path = Views;
			sourceTree = "<group>";
		};
		BCA3A789275E034A003D5F1C /* Components */ = {
			isa = PBXGroup;
			children = (
				BCA3A793275E1838003D5F1C /* ScreenHeaderTextOnly.swift */,
				BC4DA003278A265C0064A350 /* Buttons */,
				BCA3A78A275E038D003D5F1C /* List */,
			);
			path = Components;
			sourceTree = "<group>";
		};
		BCA3A78A275E038D003D5F1C /* List */ = {
			isa = PBXGroup;
			children = (
			);
			path = List;
			sourceTree = "<group>";
		};
/* End PBXGroup section */

/* Begin PBXNativeTarget section */
		BC409A5827493F980096CD12 /* Whosthere */ = {
			isa = PBXNativeTarget;
			buildConfigurationList = BC409A6827493F9B0096CD12 /* Build configuration list for PBXNativeTarget "Whosthere" */;
			buildPhases = (
				BC409A5527493F980096CD12 /* Sources */,
				BC409A5627493F980096CD12 /* Frameworks */,
				BC409A5727493F980096CD12 /* Resources */,
			);
			buildRules = (
			);
			dependencies = (
			);
			name = Whosthere;
			productName = Photopickertest;
			productReference = BC409A5927493F980096CD12 /* Whosthere.app */;
			productType = "com.apple.product-type.application";
		};
/* End PBXNativeTarget section */

/* Begin PBXProject section */
		BC409A5127493F980096CD12 /* Project object */ = {
			isa = PBXProject;
			attributes = {
				LastSwiftUpdateCheck = 1240;
				LastUpgradeCheck = 1240;
				TargetAttributes = {
					BC409A5827493F980096CD12 = {
						CreatedOnToolsVersion = 12.4;
					};
				};
			};
			buildConfigurationList = BC409A5427493F980096CD12 /* Build configuration list for PBXProject "Whosthere" */;
			compatibilityVersion = "Xcode 9.3";
			developmentRegion = en;
			hasScannedForEncodings = 0;
			knownRegions = (
				en,
				Base,
			);
			mainGroup = BC409A5027493F980096CD12;
			productRefGroup = BC409A5A27493F980096CD12 /* Products */;
			projectDirPath = "";
			projectRoot = "";
			targets = (
				BC409A5827493F980096CD12 /* Whosthere */,
			);
		};
/* End PBXProject section */

/* Begin PBXResourcesBuildPhase section */
		BC409A5727493F980096CD12 /* Resources */ = {
			isa = PBXResourcesBuildPhase;
			buildActionMask = 2147483647;
			files = (
				BC409A6427493F9B0096CD12 /* Preview Assets.xcassets in Resources */,
				BC409A6127493F9B0096CD12 /* Assets.xcassets in Resources */,
			);
			runOnlyForDeploymentPostprocessing = 0;
		};
/* End PBXResourcesBuildPhase section */

/* Begin PBXSourcesBuildPhase section */
		BC409A5527493F980096CD12 /* Sources */ = {
			isa = PBXSourcesBuildPhase;
			buildActionMask = 2147483647;
			files = (
				BC3212F12750E989001A689E /* CustomShape.swift in Sources */,
				BCA3A794275E1839003D5F1C /* ScreenHeaderTextOnly.swift in Sources */,
				BC409A5D27493F980096CD12 /* AthleteApp.swift in Sources */,
				BC3212F62750EFA7001A689E /* Color.swift in Sources */,
				BCA3A781275BB2E6003D5F1C /* AthletesListView.swift in Sources */,
				BCA3A78F275E0496003D5F1C /* NavigationButton.swift in Sources */,
				BC3F25572767B3EC00465551 /* AthletesModel.swift in Sources */,
				BC3F255C2767C1F000465551 /* AthletesViewModel.swift in Sources */,
				BC3F25512760D1A800465551 /* FrameButton.swift in Sources */,
				BC798DB9278B85C70022881E /* Popover.swift in Sources */,
				BC3F2577276C9A4700465551 /* AddAthleteView.swift in Sources */,
				BC3F2573276C991300465551 /* BigAddButton.swift in Sources */,
				BCACA6542795F65600B65314 /* AthletesContainer.xcdatamodeld in Sources */,
			);
			runOnlyForDeploymentPostprocessing = 0;
		};
/* End PBXSourcesBuildPhase section */

/* Begin XCBuildConfiguration section */
		BC409A6627493F9B0096CD12 /* Debug */ = {
			isa = XCBuildConfiguration;
			buildSettings = {
				ALWAYS_SEARCH_USER_PATHS = NO;
				CLANG_ANALYZER_NONNULL = YES;
				CLANG_ANALYZER_NUMBER_OBJECT_CONVERSION = YES_AGGRESSIVE;
				CLANG_CXX_LANGUAGE_STANDARD = "gnu++14";
				CLANG_CXX_LIBRARY = "libc++";
				CLANG_ENABLE_MODULES = YES;
				CLANG_ENABLE_OBJC_ARC = YES;
				CLANG_ENABLE_OBJC_WEAK = YES;
				CLANG_WARN_BLOCK_CAPTURE_AUTORELEASING = YES;
				CLANG_WARN_BOOL_CONVERSION = YES;
				CLANG_WARN_COMMA = YES;
				CLANG_WARN_CONSTANT_CONVERSION = YES;
				CLANG_WARN_DEPRECATED_OBJC_IMPLEMENTATIONS = YES;
				CLANG_WARN_DIRECT_OBJC_ISA_USAGE = YES_ERROR;
				CLANG_WARN_DOCUMENTATION_COMMENTS = YES;
				CLANG_WARN_EMPTY_BODY = YES;
				CLANG_WARN_ENUM_CONVERSION = YES;
				CLANG_WARN_INFINITE_RECURSION = YES;
				CLANG_WARN_INT_CONVERSION = YES;
				CLANG_WARN_NON_LITERAL_NULL_CONVERSION = YES;
				CLANG_WARN_OBJC_IMPLICIT_RETAIN_SELF = YES;
				CLANG_WARN_OBJC_LITERAL_CONVERSION = YES;
				CLANG_WARN_OBJC_ROOT_CLASS = YES_ERROR;
				CLANG_WARN_QUOTED_INCLUDE_IN_FRAMEWORK_HEADER = YES;
				CLANG_WARN_RANGE_LOOP_ANALYSIS = YES;
				CLANG_WARN_STRICT_PROTOTYPES = YES;
				CLANG_WARN_SUSPICIOUS_MOVE = YES;
				CLANG_WARN_UNGUARDED_AVAILABILITY = YES_AGGRESSIVE;
				CLANG_WARN_UNREACHABLE_CODE = YES;
				CLANG_WARN__DUPLICATE_METHOD_MATCH = YES;
				COPY_PHASE_STRIP = NO;
				DEBUG_INFORMATION_FORMAT = dwarf;
				ENABLE_STRICT_OBJC_MSGSEND = YES;
				ENABLE_TESTABILITY = YES;
				GCC_C_LANGUAGE_STANDARD = gnu11;
				GCC_DYNAMIC_NO_PIC = NO;
				GCC_NO_COMMON_BLOCKS = YES;
				GCC_OPTIMIZATION_LEVEL = 0;
				GCC_PREPROCESSOR_DEFINITIONS = (
					"DEBUG=1",
					"$(inherited)",
				);
				GCC_WARN_64_TO_32_BIT_CONVERSION = YES;
				GCC_WARN_ABOUT_RETURN_TYPE = YES_ERROR;
				GCC_WARN_UNDECLARED_SELECTOR = YES;
				GCC_WARN_UNINITIALIZED_AUTOS = YES_AGGRESSIVE;
				GCC_WARN_UNUSED_FUNCTION = YES;
				GCC_WARN_UNUSED_VARIABLE = YES;
				IPHONEOS_DEPLOYMENT_TARGET = 14.4;
				MTL_ENABLE_DEBUG_INFO = INCLUDE_SOURCE;
				MTL_FAST_MATH = YES;
				ONLY_ACTIVE_ARCH = YES;
				SDKROOT = iphoneos;
				SWIFT_ACTIVE_COMPILATION_CONDITIONS = DEBUG;
				SWIFT_OPTIMIZATION_LEVEL = "-Onone";
			};
			name = Debug;
		};
		BC409A6727493F9B0096CD12 /* Release */ = {
			isa = XCBuildConfiguration;
			buildSettings = {
				ALWAYS_SEARCH_USER_PATHS = NO;
				CLANG_ANALYZER_NONNULL = YES;
				CLANG_ANALYZER_NUMBER_OBJECT_CONVERSION = YES_AGGRESSIVE;
				CLANG_CXX_LANGUAGE_STANDARD = "gnu++14";
				CLANG_CXX_LIBRARY = "libc++";
				CLANG_ENABLE_MODULES = YES;
				CLANG_ENABLE_OBJC_ARC = YES;
				CLANG_ENABLE_OBJC_WEAK = YES;
				CLANG_WARN_BLOCK_CAPTURE_AUTORELEASING = YES;
				CLANG_WARN_BOOL_CONVERSION = YES;
				CLANG_WARN_COMMA = YES;
				CLANG_WARN_CONSTANT_CONVERSION = YES;
				CLANG_WARN_DEPRECATED_OBJC_IMPLEMENTATIONS = YES;
				CLANG_WARN_DIRECT_OBJC_ISA_USAGE = YES_ERROR;
				CLANG_WARN_DOCUMENTATION_COMMENTS = YES;
				CLANG_WARN_EMPTY_BODY = YES;
				CLANG_WARN_ENUM_CONVERSION = YES;
				CLANG_WARN_INFINITE_RECURSION = YES;
				CLANG_WARN_INT_CONVERSION = YES;
				CLANG_WARN_NON_LITERAL_NULL_CONVERSION = YES;
				CLANG_WARN_OBJC_IMPLICIT_RETAIN_SELF = YES;
				CLANG_WARN_OBJC_LITERAL_CONVERSION = YES;
				CLANG_WARN_OBJC_ROOT_CLASS = YES_ERROR;
				CLANG_WARN_QUOTED_INCLUDE_IN_FRAMEWORK_HEADER = YES;
				CLANG_WARN_RANGE_LOOP_ANALYSIS = YES;
				CLANG_WARN_STRICT_PROTOTYPES = YES;
				CLANG_WARN_SUSPICIOUS_MOVE = YES;
				CLANG_WARN_UNGUARDED_AVAILABILITY = YES_AGGRESSIVE;
				CLANG_WARN_UNREACHABLE_CODE = YES;
				CLANG_WARN__DUPLICATE_METHOD_MATCH = YES;
				COPY_PHASE_STRIP = NO;
				DEBUG_INFORMATION_FORMAT = "dwarf-with-dsym";
				ENABLE_NS_ASSERTIONS = NO;
				ENABLE_STRICT_OBJC_MSGSEND = YES;
				GCC_C_LANGUAGE_STANDARD = gnu11;
				GCC_NO_COMMON_BLOCKS = YES;
				GCC_WARN_64_TO_32_BIT_CONVERSION = YES;
				GCC_WARN_ABOUT_RETURN_TYPE = YES_ERROR;
				GCC_WARN_UNDECLARED_SELECTOR = YES;
				GCC_WARN_UNINITIALIZED_AUTOS = YES_AGGRESSIVE;
				GCC_WARN_UNUSED_FUNCTION = YES;
				GCC_WARN_UNUSED_VARIABLE = YES;
				IPHONEOS_DEPLOYMENT_TARGET = 14.4;
				MTL_ENABLE_DEBUG_INFO = NO;
				MTL_FAST_MATH = YES;
				SDKROOT = iphoneos;
				SWIFT_COMPILATION_MODE = wholemodule;
				SWIFT_OPTIMIZATION_LEVEL = "-O";
				VALIDATE_PRODUCT = YES;
			};
			name = Release;
		};
		BC409A6927493F9B0096CD12 /* Debug */ = {
			isa = XCBuildConfiguration;
			buildSettings = {
				ASSETCATALOG_COMPILER_APPICON_NAME = AppIcon;
				ASSETCATALOG_COMPILER_GLOBAL_ACCENT_COLOR_NAME = AccentColor;
				CODE_SIGN_STYLE = Automatic;
				DEVELOPMENT_ASSET_PATHS = "\"Whosthere/Preview Content\"";
				DEVELOPMENT_TEAM = P93T2Q3CH5;
				ENABLE_PREVIEWS = YES;
				INFOPLIST_FILE = Whosthere/Info.plist;
				IPHONEOS_DEPLOYMENT_TARGET = 14.0;
				LD_RUNPATH_SEARCH_PATHS = (
					"$(inherited)",
					"@executable_path/Frameworks",
				);
				PRODUCT_BUNDLE_IDENTIFIER = com.infiniteairtime.Whosthere;
				PRODUCT_NAME = "$(TARGET_NAME)";
				SWIFT_VERSION = 5.0;
				TARGETED_DEVICE_FAMILY = "1,2";
			};
			name = Debug;
		};
		BC409A6A27493F9B0096CD12 /* Release */ = {
			isa = XCBuildConfiguration;
			buildSettings = {
				ASSETCATALOG_COMPILER_APPICON_NAME = AppIcon;
				ASSETCATALOG_COMPILER_GLOBAL_ACCENT_COLOR_NAME = AccentColor;
				CODE_SIGN_STYLE = Automatic;
				DEVELOPMENT_ASSET_PATHS = "\"Whosthere/Preview Content\"";
				DEVELOPMENT_TEAM = P93T2Q3CH5;
				ENABLE_PREVIEWS = YES;
				INFOPLIST_FILE = Whosthere/Info.plist;
				IPHONEOS_DEPLOYMENT_TARGET = 14.0;
				LD_RUNPATH_SEARCH_PATHS = (
					"$(inherited)",
					"@executable_path/Frameworks",
				);
				PRODUCT_BUNDLE_IDENTIFIER = com.infiniteairtime.Whosthere;
				PRODUCT_NAME = "$(TARGET_NAME)";
				SWIFT_VERSION = 5.0;
				TARGETED_DEVICE_FAMILY = "1,2";
			};
			name = Release;
		};
/* End XCBuildConfiguration section */

/* Begin XCConfigurationList section */
		BC409A5427493F980096CD12 /* Build configuration list for PBXProject "Whosthere" */ = {
			isa = XCConfigurationList;
			buildConfigurations = (
				BC409A6627493F9B0096CD12 /* Debug */,
				BC409A6727493F9B0096CD12 /* Release */,
			);
			defaultConfigurationIsVisible = 0;
			defaultConfigurationName = Release;
		};
		BC409A6827493F9B0096CD12 /* Build configuration list for PBXNativeTarget "Whosthere" */ = {
			isa = XCConfigurationList;
			buildConfigurations = (
				BC409A6927493F9B0096CD12 /* Debug */,
				BC409A6A27493F9B0096CD12 /* Release */,
			);
			defaultConfigurationIsVisible = 0;
			defaultConfigurationName = Release;
		};
/* End XCConfigurationList section */

/* Begin XCVersionGroup section */
		BCACA6522795F65600B65314 /* AthletesContainer.xcdatamodeld */ = {
			isa = XCVersionGroup;
			children = (
				BCACA6532795F65600B65314 /* AthletesContainer.xcdatamodel */,
			);
			currentVersion = BCACA6532795F65600B65314 /* AthletesContainer.xcdatamodel */;
			path = AthletesContainer.xcdatamodeld;
			sourceTree = "<group>";
			versionGroupType = wrapper.xcdatamodel;
		};
/* End XCVersionGroup section */
	};
	rootObject = BC409A5127493F980096CD12 /* Project object */;
}
